{
  "requires": true,
  "lockfileVersion": 1,
  "dependencies": {
    "mc-resource": {
      "version": "1.0.1",
      "resolved": "https://registry.npmjs.org/mc-resource/-/mc-resource-1.0.1.tgz",
      "integrity": "sha512-4yH5vobngcaBpWFo0TP98cixkTFNqlqn8JLxAcXZD5IDAS2rfEbKwNPzzQbjnshsA83uhIQONlJjRWDNzRdLBA=="
    }
  }
}
