{
  "name": "minecraft-js",
  "version": "1.0.0",
  "lockfileVersion": 1,
  "requires": true,
  "dependencies": {
    "mc-resource": {
      "version": "1.0.2",
      "resolved": "https://registry.npmjs.org/mc-resource/-/mc-resource-1.0.2.tgz",
      "integrity": "sha512-9e+yRr1p/p54mvtibMYjDQuGT5VNySA/eudL/hn0M9I6FIt1scmAOuKILW79PRQSlB4D606T0PgWOUWzsBvtCg=="
    }
  }
}
